
Microsoft Visual Studio Solution File, Format Version 12.00
# Visual Studio Version 16
VisualStudioVersion = 16.0.29102.190
MinimumVisualStudioVersion = 15.0.26124.0
Project("{9A19103F-16F7-4668-BE54-9A1E7A4F7556}") = "IdentityManagementService", "IdentityManagementService.csproj", "{743A8277-C986-4044-9F2B-3E76A492A18B}"
EndProject
Project("{E53339B2-1760-4266-BCC7-CA923CBCF16C}") = "docker-compose", "docker-compose.dcproj", "{E9F8A67D-8060-41D2-B619-ECF15B8EC17F}"
EndProject
Global
	GlobalSection(SolutionConfigurationPlatforms) = preSolution
		Debug|Any CPU = Debug|Any CPU
		Debug|x64 = Debug|x64
		Debug|x86 = Debug|x86
		Release|Any CPU = Release|Any CPU
		Release|x64 = Release|x64
		Release|x86 = Release|x86
	EndGlobalSection
	GlobalSection(ProjectConfigurationPlatforms) = postSolution
		{743A8277-C986-4044-9F2B-3E76A492A18B}.Debug|Any CPU.ActiveCfg = Debug|Any CPU
		{743A8277-C986-4044-9F2B-3E76A492A18B}.Debug|Any CPU.Build.0 = Debug|Any CPU
		{743A8277-C986-4044-9F2B-3E76A492A18B}.Debug|x64.ActiveCfg = Debug|Any CPU
		{743A8277-C986-4044-9F2B-3E76A492A18B}.Debug|x64.Build.0 = Debug|Any CPU
		{743A8277-C986-4044-9F2B-3E76A492A18B}.Debug|x86.ActiveCfg = Debug|Any CPU
		{743A8277-C986-4044-9F2B-3E76A492A18B}.Debug|x86.Build.0 = Debug|Any CPU
		{743A8277-C986-4044-9F2B-3E76A492A18B}.Release|Any CPU.ActiveCfg = Release|Any CPU
		{743A8277-C986-4044-9F2B-3E76A492A18B}.Release|Any CPU.Build.0 = Release|Any CPU
		{743A8277-C986-4044-9F2B-3E76A492A18B}.Release|x64.ActiveCfg = Release|Any CPU
		{743A8277-C986-4044-9F2B-3E76A492A18B}.Release|x64.Build.0 = Release|Any CPU
		{743A8277-C986-4044-9F2B-3E76A492A18B}.Release|x86.ActiveCfg = Release|Any CPU
		{743A8277-C986-4044-9F2B-3E76A492A18B}.Release|x86.Build.0 = Release|Any CPU
		{E9F8A67D-8060-41D2-B619-ECF15B8EC17F}.Debug|Any CPU.ActiveCfg = Debug|Any CPU
		{E9F8A67D-8060-41D2-B619-ECF15B8EC17F}.Debug|Any CPU.Build.0 = Debug|Any CPU
		{E9F8A67D-8060-41D2-B619-ECF15B8EC17F}.Debug|x64.ActiveCfg = Debug|Any CPU
		{E9F8A67D-8060-41D2-B619-ECF15B8EC17F}.Debug|x64.Build.0 = Debug|Any CPU
		{E9F8A67D-8060-41D2-B619-ECF15B8EC17F}.Debug|x86.ActiveCfg = Debug|Any CPU
		{E9F8A67D-8060-41D2-B619-ECF15B8EC17F}.Debug|x86.Build.0 = Debug|Any CPU
		{E9F8A67D-8060-41D2-B619-ECF15B8EC17F}.Release|Any CPU.ActiveCfg = Release|Any CPU
		{E9F8A67D-8060-41D2-B619-ECF15B8EC17F}.Release|Any CPU.Build.0 = Release|Any CPU
		{E9F8A67D-8060-41D2-B619-ECF15B8EC17F}.Release|x64.ActiveCfg = Release|Any CPU
		{E9F8A67D-8060-41D2-B619-ECF15B8EC17F}.Release|x64.Build.0 = Release|Any CPU
		{E9F8A67D-8060-41D2-B619-ECF15B8EC17F}.Release|x86.ActiveCfg = Release|Any CPU
		{E9F8A67D-8060-41D2-B619-ECF15B8EC17F}.Release|x86.Build.0 = Release|Any CPU
	EndGlobalSection
	GlobalSection(SolutionProperties) = preSolution
		HideSolutionNode = FALSE
	EndGlobalSection
	GlobalSection(ExtensibilityGlobals) = postSolution
		SolutionGuid = {ABB05C7C-6939-4F16-81C4-7C813A9462A4}
	EndGlobalSection
EndGlobal
